Microsoft Visual Studio Solution File, Format Version 12.00
# Visual Studio Express 2012 for Windows Desktop
Project("{8BC9CEB8-8B4A-11D0-8D11-00A0C91BC942}") = "abpshell", "abpshell.vcxproj", "{B8C5ABC4-2076-B368-19EB-531BAE26CEF1}"
	ProjectSection(ProjectDependencies) = postProject
		{E60284DC-2131-D9A9-D19C-B792B7F5F727} = {E60284DC-2131-D9A9-D19C-B792B7F5F727}
		{FBB6CB62-DDEE-671E-D69F-37E0F0A1B214} = {FBB6CB62-DDEE-671E-D69F-37E0F0A1B214}
		{C782DF61-6EF9-0352-CB91-68298A8E12DB} = {C782DF61-6EF9-0352-CB91-68298A8E12DB}
		{675D727D-F234-E4DD-20C1-85AAA5DF715B} = {675D727D-F234-E4DD-20C1-85AAA5DF715B}
		{49135473-EB63-9B96-1382-20C889488A21} = {49135473-EB63-9B96-1382-20C889488A21}
	EndProjectSection
EndProject
Project("{8BC9CEB8-8B4A-11D0-8D11-00A0C91BC942}") = "googletest", "third_party\googletest.vcxproj", "{D869E7BF-86A6-5FAC-EE30-41B91E223897}"
EndProject
Project("{8BC9CEB8-8B4A-11D0-8D11-00A0C91BC942}") = "googletest_main", "third_party\googletest_main.vcxproj", "{D10157DF-21E8-459F-E3B2-5DCDCFCEC03E}"
EndProject
Project("{8BC9CEB8-8B4A-11D0-8D11-00A0C91BC942}") = "js2c", "third_party\v8\tools\gyp\js2c.vcxproj", "{49135473-EB63-9B96-1382-20C889488A21}"
EndProject
Project("{8BC9CEB8-8B4A-11D0-8D11-00A0C91BC942}") = "libadblockplus", "libadblockplus.vcxproj", "{E60284DC-2131-D9A9-D19C-B792B7F5F727}"
	ProjectSection(ProjectDependencies) = postProject
		{FBB6CB62-DDEE-671E-D69F-37E0F0A1B214} = {FBB6CB62-DDEE-671E-D69F-37E0F0A1B214}
	EndProjectSection
EndProject
Project("{8BC9CEB8-8B4A-11D0-8D11-00A0C91BC942}") = "mksnapshot", "third_party\v8\tools\gyp\mksnapshot.vcxproj", "{ACA6E3B1-005F-D4EA-B61E-C3B763EBAABA}"
	ProjectSection(ProjectDependencies) = postProject
		{C782DF61-6EF9-0352-CB91-68298A8E12DB} = {C782DF61-6EF9-0352-CB91-68298A8E12DB}
		{E5D7C55C-E71E-7F6D-1DCD-12FED2ADA6F2} = {E5D7C55C-E71E-7F6D-1DCD-12FED2ADA6F2}
		{49135473-EB63-9B96-1382-20C889488A21} = {49135473-EB63-9B96-1382-20C889488A21}
	EndProjectSection
EndProject
Project("{8BC9CEB8-8B4A-11D0-8D11-00A0C91BC942}") = "tests", "tests.vcxproj", "{C7A34BAE-71B0-7ABD-0AA5-19B8A1B9AB2F}"
	ProjectSection(ProjectDependencies) = postProject
		{D10157DF-21E8-459F-E3B2-5DCDCFCEC03E} = {D10157DF-21E8-459F-E3B2-5DCDCFCEC03E}
		{E60284DC-2131-D9A9-D19C-B792B7F5F727} = {E60284DC-2131-D9A9-D19C-B792B7F5F727}
		{D869E7BF-86A6-5FAC-EE30-41B91E223897} = {D869E7BF-86A6-5FAC-EE30-41B91E223897}
		{FBB6CB62-DDEE-671E-D69F-37E0F0A1B214} = {FBB6CB62-DDEE-671E-D69F-37E0F0A1B214}
		{C782DF61-6EF9-0352-CB91-68298A8E12DB} = {C782DF61-6EF9-0352-CB91-68298A8E12DB}
		{675D727D-F234-E4DD-20C1-85AAA5DF715B} = {675D727D-F234-E4DD-20C1-85AAA5DF715B}
		{49135473-EB63-9B96-1382-20C889488A21} = {49135473-EB63-9B96-1382-20C889488A21}
	EndProjectSection
EndProject
Project("{8BC9CEB8-8B4A-11D0-8D11-00A0C91BC942}") = "v8", "third_party\v8\tools\gyp\v8.vcxproj", "{FBB6CB62-DDEE-671E-D69F-37E0F0A1B214}"
	ProjectSection(ProjectDependencies) = postProject
		{C782DF61-6EF9-0352-CB91-68298A8E12DB} = {C782DF61-6EF9-0352-CB91-68298A8E12DB}
		{675D727D-F234-E4DD-20C1-85AAA5DF715B} = {675D727D-F234-E4DD-20C1-85AAA5DF715B}
	EndProjectSection
EndProject
Project("{8BC9CEB8-8B4A-11D0-8D11-00A0C91BC942}") = "v8_base", "third_party\v8\tools\gyp\v8_base.vcxproj", "{C782DF61-6EF9-0352-CB91-68298A8E12DB}"
EndProject
Project("{8BC9CEB8-8B4A-11D0-8D11-00A0C91BC942}") = "v8_nosnapshot", "third_party\v8\tools\gyp\v8_nosnapshot.vcxproj", "{E5D7C55C-E71E-7F6D-1DCD-12FED2ADA6F2}"
	ProjectSection(ProjectDependencies) = postProject
		{49135473-EB63-9B96-1382-20C889488A21} = {49135473-EB63-9B96-1382-20C889488A21}
	EndProjectSection
EndProject
Project("{8BC9CEB8-8B4A-11D0-8D11-00A0C91BC942}") = "v8_snapshot", "third_party\v8\tools\gyp\v8_snapshot.vcxproj", "{675D727D-F234-E4DD-20C1-85AAA5DF715B}"
	ProjectSection(ProjectDependencies) = postProject
		{ACA6E3B1-005F-D4EA-B61E-C3B763EBAABA} = {ACA6E3B1-005F-D4EA-B61E-C3B763EBAABA}
		{49135473-EB63-9B96-1382-20C889488A21} = {49135473-EB63-9B96-1382-20C889488A21}
	EndProjectSection
EndProject
Global
	GlobalSection(SolutionConfigurationPlatforms) = preSolution
		Debug|Win32 = Debug|Win32
		Default|Win32 = Default|Win32
		Release|Win32 = Release|Win32
	EndGlobalSection
	GlobalSection(ProjectConfigurationPlatforms) = postSolution
		{B8C5ABC4-2076-B368-19EB-531BAE26CEF1}.Debug|Win32.ActiveCfg = Debug|Win32
		{B8C5ABC4-2076-B368-19EB-531BAE26CEF1}.Debug|Win32.Build.0 = Debug|Win32
		{B8C5ABC4-2076-B368-19EB-531BAE26CEF1}.Default|Win32.ActiveCfg = Debug|Win32
		{B8C5ABC4-2076-B368-19EB-531BAE26CEF1}.Default|Win32.Build.0 = Debug|Win32
		{B8C5ABC4-2076-B368-19EB-531BAE26CEF1}.Release|Win32.ActiveCfg = Release|Win32
		{B8C5ABC4-2076-B368-19EB-531BAE26CEF1}.Release|Win32.Build.0 = Release|Win32
		{D869E7BF-86A6-5FAC-EE30-41B91E223897}.Debug|Win32.ActiveCfg = Default|Win32
		{D869E7BF-86A6-5FAC-EE30-41B91E223897}.Debug|Win32.Build.0 = Default|Win32
		{D869E7BF-86A6-5FAC-EE30-41B91E223897}.Default|Win32.ActiveCfg = Default|Win32
		{D869E7BF-86A6-5FAC-EE30-41B91E223897}.Default|Win32.Build.0 = Default|Win32
		{D869E7BF-86A6-5FAC-EE30-41B91E223897}.Release|Win32.ActiveCfg = Default|Win32
		{D869E7BF-86A6-5FAC-EE30-41B91E223897}.Release|Win32.Build.0 = Default|Win32
		{D10157DF-21E8-459F-E3B2-5DCDCFCEC03E}.Debug|Win32.ActiveCfg = Default|Win32
		{D10157DF-21E8-459F-E3B2-5DCDCFCEC03E}.Debug|Win32.Build.0 = Default|Win32
		{D10157DF-21E8-459F-E3B2-5DCDCFCEC03E}.Default|Win32.ActiveCfg = Default|Win32
		{D10157DF-21E8-459F-E3B2-5DCDCFCEC03E}.Default|Win32.Build.0 = Default|Win32
		{D10157DF-21E8-459F-E3B2-5DCDCFCEC03E}.Release|Win32.ActiveCfg = Default|Win32
		{D10157DF-21E8-459F-E3B2-5DCDCFCEC03E}.Release|Win32.Build.0 = Default|Win32
		{49135473-EB63-9B96-1382-20C889488A21}.Debug|Win32.ActiveCfg = Debug|Win32
		{49135473-EB63-9B96-1382-20C889488A21}.Debug|Win32.Build.0 = Debug|Win32
		{49135473-EB63-9B96-1382-20C889488A21}.Default|Win32.ActiveCfg = Debug|Win32
		{49135473-EB63-9B96-1382-20C889488A21}.Default|Win32.Build.0 = Debug|Win32
		{49135473-EB63-9B96-1382-20C889488A21}.Release|Win32.ActiveCfg = Release|Win32
		{49135473-EB63-9B96-1382-20C889488A21}.Release|Win32.Build.0 = Release|Win32
		{E60284DC-2131-D9A9-D19C-B792B7F5F727}.Debug|Win32.ActiveCfg = Debug|Win32
		{E60284DC-2131-D9A9-D19C-B792B7F5F727}.Debug|Win32.Build.0 = Debug|Win32
		{E60284DC-2131-D9A9-D19C-B792B7F5F727}.Default|Win32.ActiveCfg = Debug|Win32
		{E60284DC-2131-D9A9-D19C-B792B7F5F727}.Default|Win32.Build.0 = Debug|Win32
		{E60284DC-2131-D9A9-D19C-B792B7F5F727}.Release|Win32.ActiveCfg = Release|Win32
		{E60284DC-2131-D9A9-D19C-B792B7F5F727}.Release|Win32.Build.0 = Release|Win32
		{ACA6E3B1-005F-D4EA-B61E-C3B763EBAABA}.Debug|Win32.ActiveCfg = Debug|Win32
		{ACA6E3B1-005F-D4EA-B61E-C3B763EBAABA}.Debug|Win32.Build.0 = Debug|Win32
		{ACA6E3B1-005F-D4EA-B61E-C3B763EBAABA}.Default|Win32.ActiveCfg = Debug|Win32
		{ACA6E3B1-005F-D4EA-B61E-C3B763EBAABA}.Default|Win32.Build.0 = Debug|Win32
		{ACA6E3B1-005F-D4EA-B61E-C3B763EBAABA}.Release|Win32.ActiveCfg = Release|Win32
		{ACA6E3B1-005F-D4EA-B61E-C3B763EBAABA}.Release|Win32.Build.0 = Release|Win32
		{C7A34BAE-71B0-7ABD-0AA5-19B8A1B9AB2F}.Debug|Win32.ActiveCfg = Debug|Win32
		{C7A34BAE-71B0-7ABD-0AA5-19B8A1B9AB2F}.Debug|Win32.Build.0 = Debug|Win32
		{C7A34BAE-71B0-7ABD-0AA5-19B8A1B9AB2F}.Default|Win32.ActiveCfg = Debug|Win32
		{C7A34BAE-71B0-7ABD-0AA5-19B8A1B9AB2F}.Default|Win32.Build.0 = Debug|Win32
		{C7A34BAE-71B0-7ABD-0AA5-19B8A1B9AB2F}.Release|Win32.ActiveCfg = Release|Win32
		{C7A34BAE-71B0-7ABD-0AA5-19B8A1B9AB2F}.Release|Win32.Build.0 = Release|Win32
		{FBB6CB62-DDEE-671E-D69F-37E0F0A1B214}.Debug|Win32.ActiveCfg = Debug|Win32
		{FBB6CB62-DDEE-671E-D69F-37E0F0A1B214}.Debug|Win32.Build.0 = Debug|Win32
		{FBB6CB62-DDEE-671E-D69F-37E0F0A1B214}.Default|Win32.ActiveCfg = Debug|Win32
		{FBB6CB62-DDEE-671E-D69F-37E0F0A1B214}.Default|Win32.Build.0 = Debug|Win32
		{FBB6CB62-DDEE-671E-D69F-37E0F0A1B214}.Release|Win32.ActiveCfg = Release|Win32
		{FBB6CB62-DDEE-671E-D69F-37E0F0A1B214}.Release|Win32.Build.0 = Release|Win32
		{C782DF61-6EF9-0352-CB91-68298A8E12DB}.Debug|Win32.ActiveCfg = Debug|Win32
		{C782DF61-6EF9-0352-CB91-68298A8E12DB}.Debug|Win32.Build.0 = Debug|Win32
		{C782DF61-6EF9-0352-CB91-68298A8E12DB}.Default|Win32.ActiveCfg = Debug|Win32
		{C782DF61-6EF9-0352-CB91-68298A8E12DB}.Default|Win32.Build.0 = Debug|Win32
		{C782DF61-6EF9-0352-CB91-68298A8E12DB}.Release|Win32.ActiveCfg = Release|Win32
		{C782DF61-6EF9-0352-CB91-68298A8E12DB}.Release|Win32.Build.0 = Release|Win32
		{E5D7C55C-E71E-7F6D-1DCD-12FED2ADA6F2}.Debug|Win32.ActiveCfg = Debug|Win32
		{E5D7C55C-E71E-7F6D-1DCD-12FED2ADA6F2}.Debug|Win32.Build.0 = Debug|Win32
		{E5D7C55C-E71E-7F6D-1DCD-12FED2ADA6F2}.Default|Win32.ActiveCfg = Debug|Win32
		{E5D7C55C-E71E-7F6D-1DCD-12FED2ADA6F2}.Default|Win32.Build.0 = Debug|Win32
		{E5D7C55C-E71E-7F6D-1DCD-12FED2ADA6F2}.Release|Win32.ActiveCfg = Release|Win32
		{E5D7C55C-E71E-7F6D-1DCD-12FED2ADA6F2}.Release|Win32.Build.0 = Release|Win32
		{675D727D-F234-E4DD-20C1-85AAA5DF715B}.Debug|Win32.ActiveCfg = Debug|Win32
		{675D727D-F234-E4DD-20C1-85AAA5DF715B}.Debug|Win32.Build.0 = Debug|Win32
		{675D727D-F234-E4DD-20C1-85AAA5DF715B}.Default|Win32.ActiveCfg = Debug|Win32
		{675D727D-F234-E4DD-20C1-85AAA5DF715B}.Default|Win32.Build.0 = Debug|Win32
		{675D727D-F234-E4DD-20C1-85AAA5DF715B}.Release|Win32.ActiveCfg = Release|Win32
		{675D727D-F234-E4DD-20C1-85AAA5DF715B}.Release|Win32.Build.0 = Release|Win32
	EndGlobalSection
	GlobalSection(SolutionProperties) = preSolution
		HideSolutionNode = FALSE
	EndGlobalSection
EndGlobal
