<?xml version="1.0" encoding="utf-8"?>
<Project ToolsVersion="4.0" xmlns="http://schemas.microsoft.com/developer/msbuild/2003">
  <ItemGroup>
    <Filter Include="..">
      <UniqueIdentifier>{739DB09A-CC57-A953-A6CF-F64FA08E4FA7}</UniqueIdentifier>
    </Filter>
    <Filter Include="..\test">
      <UniqueIdentifier>{5763B17F-46DA-9ED7-179F-9C9F273B791C}</UniqueIdentifier>
    </Filter>
  </ItemGroup>
  <ItemGroup>
    <None Include="..\libadblockplus.gyp">
      <Filter>..</Filter>
    </None>
    <ClCompile Include="..\test\ConsoleJsObject.cpp">
      <Filter>..\test</Filter>
    </ClCompile>
    <ClCompile Include="..\test\Thread.cpp">
      <Filter>..\test</Filter>
    </ClCompile>
    <ClCompile Include="..\test\JsEngine.cpp">
      <Filter>..\test</Filter>
    </ClCompile>
  </ItemGroup>
  <ItemGroup>
    <ClCompile Include="..\test\GlobalJsObject.cpp">
      <Filter>..\test</Filter>
    </ClCompile>
    <ClCompile Include="..\test\WebRequest.cpp">
      <Filter>..\test</Filter>
    </ClCompile>
    <ClCompile Include="..\test\AppInfoJsObject.cpp">
      <Filter>..\test</Filter>
    </ClCompile>
    <ClCompile Include="..\test\DefaultFileSystem.cpp">
      <Filter>..\test</Filter>
    </ClCompile>
    <ClCompile Include="..\test\FileSystemJsObject.cpp">
      <Filter>..\test</Filter>
    </ClCompile>
    <ClCompile Include="..\test\JsValue.cpp">
      <Filter>..\test</Filter>
    </ClCompile>
    <ClCompile Include="..\test\FilterEngine.cpp">
      <Filter>..\test</Filter>
    </ClCompile>
  </ItemGroup>
  <ItemGroup>
    <Text Include="..\test\BaseJsTest.h">
      <Filter>..\test</Filter>
    </Text>
  </ItemGroup>
</Project>